# THIS IS AN AUTOGENERATED FILE. DO NOT EDIT THIS FILE DIRECTLY.
# yarn lockfile v1


"@fortawesome/fontawesome-common-types@^0.2.7":
  version "0.2.7"
  resolved "https://registry.yarnpkg.com/@fortawesome/fontawesome-common-types/-/fontawesome-common-types-0.2.7.tgz#fe76803922db0eb4393675199c2e0c3bad52629c"
  integrity sha512-lFgL3Kqfwk8WS66pkBx5rpd7IQuo8UuahZXH9iuV9UrPK8eDzLccCYopnhTUgsz7+aJpMpqjVyv/N/11j5TtVw==

"@fortawesome/free-solid-svg-icons@^5.4.2":
  version "5.4.2"
  resolved "https://registry.yarnpkg.com/@fortawesome/free-solid-svg-icons/-/free-solid-svg-icons-5.4.2.tgz#185fdab8806d5726846719dd7f8a2756c7b4f7fe"
  integrity sha512-emie9CsLZPLVPH1adR3MNGNlm0GSVvEuUbZkQr0uXSp+Q9SZL0/OF6ava3DCKkwDbjn3jDKPchOraj0Vkuat6Q==
  dependencies:
    "@fortawesome/fontawesome-common-types" "^0.2.7"
